
Microsoft Visual Studio Solution File, Format Version 12.00
# Visual Studio Version 16
VisualStudioVersion = 16.0.31205.134
MinimumVisualStudioVersion = 10.0.40219.1
Project("{FAE04EC0-301F-11D3-BF4B-00C04F79EFBC}") = "lesson6", "lesson6\lesson6.csproj", "{9C267C09-DF2E-4A10-8149-627D082EA19B}"
EndProject
Project("{FAE04EC0-301F-11D3-BF4B-00C04F79EFBC}") = "App2", "App2\App2.csproj", "{805B1457-CD20-4921-971B-050D95C92C60}"
EndProject
Project("{FAE04EC0-301F-11D3-BF4B-00C04F79EFBC}") = "App3", "App3\App3.csproj", "{BDE02C8A-61FB-4353-A80B-BCFA283B0ABA}"
EndProject
Global
	GlobalSection(SolutionConfigurationPlatforms) = preSolution
		Debug|Any CPU = Debug|Any CPU
		Release|Any CPU = Release|Any CPU
	EndGlobalSection
	GlobalSection(ProjectConfigurationPlatforms) = postSolution
		{9C267C09-DF2E-4A10-8149-627D082EA19B}.Debug|Any CPU.ActiveCfg = Debug|Any CPU
		{9C267C09-DF2E-4A10-8149-627D082EA19B}.Debug|Any CPU.Build.0 = Debug|Any CPU
		{9C267C09-DF2E-4A10-8149-627D082EA19B}.Release|Any CPU.ActiveCfg = Release|Any CPU
		{9C267C09-DF2E-4A10-8149-627D082EA19B}.Release|Any CPU.Build.0 = Release|Any CPU
		{805B1457-CD20-4921-971B-050D95C92C60}.Debug|Any CPU.ActiveCfg = Debug|Any CPU
		{805B1457-CD20-4921-971B-050D95C92C60}.Debug|Any CPU.Build.0 = Debug|Any CPU
		{805B1457-CD20-4921-971B-050D95C92C60}.Release|Any CPU.ActiveCfg = Release|Any CPU
		{805B1457-CD20-4921-971B-050D95C92C60}.Release|Any CPU.Build.0 = Release|Any CPU
		{BDE02C8A-61FB-4353-A80B-BCFA283B0ABA}.Debug|Any CPU.ActiveCfg = Debug|Any CPU
		{BDE02C8A-61FB-4353-A80B-BCFA283B0ABA}.Debug|Any CPU.Build.0 = Debug|Any CPU
		{BDE02C8A-61FB-4353-A80B-BCFA283B0ABA}.Release|Any CPU.ActiveCfg = Release|Any CPU
		{BDE02C8A-61FB-4353-A80B-BCFA283B0ABA}.Release|Any CPU.Build.0 = Release|Any CPU
	EndGlobalSection
	GlobalSection(SolutionProperties) = preSolution
		HideSolutionNode = FALSE
	EndGlobalSection
	GlobalSection(ExtensibilityGlobals) = postSolution
		SolutionGuid = {4BAE8913-2171-4776-876A-76917AAC1CFC}
	EndGlobalSection
EndGlobal
